<?xml version="1.0" encoding="utf-8"?>
<Project ToolsVersion="4.0" xmlns="http://schemas.microsoft.com/developer/msbuild/2003">
  <ItemGroup>
    <Filter Include="头文件">
      <UniqueIdentifier>{d5189a32-eb34-405d-a8d8-65b06fc8e277}</UniqueIdentifier>
    </Filter>
    <Filter Include="源文件">
      <UniqueIdentifier>{c83b2574-7841-482c-8a0c-3087cd61dbde}</UniqueIdentifier>
    </Filter>
  </ItemGroup>
  <ItemGroup>
    <ClInclude Include="..\lua5.3.5-master\src\lapi.h">
      <Filter>头文件</Filter>
    </ClInclude>
    <ClInclude Include="..\lua5.3.5-master\src\lauxlib.h">
      <Filter>头文件</Filter>
    </ClInclude>
    <ClInclude Include="..\lua5.3.5-master\src\lcode.h">
      <Filter>头文件</Filter>
    </ClInclude>
    <ClInclude Include="..\lua5.3.5-master\src\lctype.h">
      <Filter>头文件</Filter>
    </ClInclude>
    <ClInclude Include="..\lua5.3.5-master\src\ldebug.h">
      <Filter>头文件</Filter>
    </ClInclude>
    <ClInclude Include="..\lua5.3.5-master\src\ldo.h">
      <Filter>头文件</Filter>
    </ClInclude>
    <ClInclude Include="..\lua5.3.5-master\src\lfunc.h">
      <Filter>头文件</Filter>
    </ClInclude>
    <ClInclude Include="..\lua5.3.5-master\src\lgc.h">
      <Filter>头文件</Filter>
    </ClInclude>
    <ClInclude Include="..\lua5.3.5-master\src\llex.h">
      <Filter>头文件</Filter>
    </ClInclude>
    <ClInclude Include="..\lua5.3.5-master\src\llimits.h">
      <Filter>头文件</Filter>
    </ClInclude>
    <ClInclude Include="..\lua5.3.5-master\src\lmem.h">
      <Filter>头文件</Filter>
    </ClInclude>
    <ClInclude Include="..\lua5.3.5-master\src\lobject.h">
      <Filter>头文件</Filter>
    </ClInclude>
    <ClInclude Include="..\lua5.3.5-master\src\lopcodes.h">
      <Filter>头文件</Filter>
    </ClInclude>
    <ClInclude Include="..\lua5.3.5-master\src\lparser.h">
      <Filter>头文件</Filter>
    </ClInclude>
    <ClInclude Include="..\lua5.3.5-master\src\lprefix.h">
      <Filter>头文件</Filter>
    </ClInclude>
    <ClInclude Include="..\lua5.3.5-master\src\lstate.h">
      <Filter>头文件</Filter>
    </ClInclude>
    <ClInclude Include="..\lua5.3.5-master\src\lstring.h">
      <Filter>头文件</Filter>
    </ClInclude>
    <ClInclude Include="..\lua5.3.5-master\src\ltable.h">
      <Filter>头文件</Filter>
    </ClInclude>
    <ClInclude Include="..\lua5.3.5-master\src\ltm.h">
      <Filter>头文件</Filter>
    </ClInclude>
    <ClInclude Include="..\lua5.3.5-master\src\lua.h">
      <Filter>头文件</Filter>
    </ClInclude>
    <ClInclude Include="..\lua5.3.5-master\src\luaconf.h">
      <Filter>头文件</Filter>
    </ClInclude>
    <ClInclude Include="..\lua5.3.5-master\src\lualib.h">
      <Filter>头文件</Filter>
    </ClInclude>
    <ClInclude Include="..\lua5.3.5-master\src\lundump.h">
      <Filter>头文件</Filter>
    </ClInclude>
    <ClInclude Include="..\lua5.3.5-master\src\lvm.h">
      <Filter>头文件</Filter>
    </ClInclude>
    <ClInclude Include="..\lua5.3.5-master\src\lzio.h">
      <Filter>头文件</Filter>
    </ClInclude>
  </ItemGroup>
  <ItemGroup>
    <ClCompile Include="..\lua5.3.5-master\src\lapi.c">
      <Filter>源文件</Filter>
    </ClCompile>
    <ClCompile Include="..\lua5.3.5-master\src\lauxlib.c">
      <Filter>源文件</Filter>
    </ClCompile>
    <ClCompile Include="..\lua5.3.5-master\src\lbaselib.c">
      <Filter>源文件</Filter>
    </ClCompile>
    <ClCompile Include="..\lua5.3.5-master\src\lbitlib.c">
      <Filter>源文件</Filter>
    </ClCompile>
    <ClCompile Include="..\lua5.3.5-master\src\lcode.c">
      <Filter>源文件</Filter>
    </ClCompile>
    <ClCompile Include="..\lua5.3.5-master\src\lcorolib.c">
      <Filter>源文件</Filter>
    </ClCompile>
    <ClCompile Include="..\lua5.3.5-master\src\lctype.c">
      <Filter>源文件</Filter>
    </ClCompile>
    <ClCompile Include="..\lua5.3.5-master\src\ldblib.c">
      <Filter>源文件</Filter>
    </ClCompile>
    <ClCompile Include="..\lua5.3.5-master\src\ldebug.c">
      <Filter>源文件</Filter>
    </ClCompile>
    <ClCompile Include="..\lua5.3.5-master\src\ldo.c">
      <Filter>源文件</Filter>
    </ClCompile>
    <ClCompile Include="..\lua5.3.5-master\src\ldump.c">
      <Filter>源文件</Filter>
    </ClCompile>
    <ClCompile Include="..\lua5.3.5-master\src\lfunc.c">
      <Filter>源文件</Filter>
    </ClCompile>
    <ClCompile Include="..\lua5.3.5-master\src\lgc.c">
      <Filter>源文件</Filter>
    </ClCompile>
    <ClCompile Include="..\lua5.3.5-master\src\linit.c">
      <Filter>源文件</Filter>
    </ClCompile>
    <ClCompile Include="..\lua5.3.5-master\src\liolib.c">
      <Filter>源文件</Filter>
    </ClCompile>
    <ClCompile Include="..\lua5.3.5-master\src\llex.c">
      <Filter>源文件</Filter>
    </ClCompile>
    <ClCompile Include="..\lua5.3.5-master\src\lmathlib.c">
      <Filter>源文件</Filter>
    </ClCompile>
    <ClCompile Include="..\lua5.3.5-master\src\lmem.c">
      <Filter>源文件</Filter>
    </ClCompile>
    <ClCompile Include="..\lua5.3.5-master\src\loadlib.c">
      <Filter>源文件</Filter>
    </ClCompile>
    <ClCompile Include="..\lua5.3.5-master\src\lobject.c">
      <Filter>源文件</Filter>
    </ClCompile>
    <ClCompile Include="..\lua5.3.5-master\src\lopcodes.c">
      <Filter>源文件</Filter>
    </ClCompile>
    <ClCompile Include="..\lua5.3.5-master\src\loslib.c">
      <Filter>源文件</Filter>
    </ClCompile>
    <ClCompile Include="..\lua5.3.5-master\src\lparser.c">
      <Filter>源文件</Filter>
    </ClCompile>
    <ClCompile Include="..\lua5.3.5-master\src\lstate.c">
      <Filter>源文件</Filter>
    </ClCompile>
    <ClCompile Include="..\lua5.3.5-master\src\lstring.c">
      <Filter>源文件</Filter>
    </ClCompile>
    <ClCompile Include="..\lua5.3.5-master\src\lstrlib.c">
      <Filter>源文件</Filter>
    </ClCompile>
    <ClCompile Include="..\lua5.3.5-master\src\ltable.c">
      <Filter>源文件</Filter>
    </ClCompile>
    <ClCompile Include="..\lua5.3.5-master\src\ltablib.c">
      <Filter>源文件</Filter>
    </ClCompile>
    <ClCompile Include="..\lua5.3.5-master\src\ltm.c">
      <Filter>源文件</Filter>
    </ClCompile>
    <ClCompile Include="..\lua5.3.5-master\src\lundump.c">
      <Filter>源文件</Filter>
    </ClCompile>
    <ClCompile Include="..\lua5.3.5-master\src\lutf8lib.c">
      <Filter>源文件</Filter>
    </ClCompile>
    <ClCompile Include="..\lua5.3.5-master\src\lvm.c">
      <Filter>源文件</Filter>
    </ClCompile>
    <ClCompile Include="..\lua5.3.5-master\src\lzio.c">
      <Filter>源文件</Filter>
    </ClCompile>
  </ItemGroup>
</Project>